
Microsoft Visual Studio Solution File, Format Version 12.00
# Visual Studio Version 17
VisualStudioVersion = 17.10.35027.167
MinimumVisualStudioVersion = 10.0.40219.1
Project("{FAE04EC0-301F-11D3-BF4B-00C04F79EFBC}") = "App02_TipoPGXF.Android", "App02_TipoPGXF\App02_TipoPGXF.Android\App02_TipoPGXF.Android.csproj", "{3A815C63-20B9-42B5-A239-296DBE8F7FC0}"
EndProject
Project("{FAE04EC0-301F-11D3-BF4B-00C04F79EFBC}") = "App02_TipoPGXF", "App02_TipoPGXF\App02_TipoPGXF\App02_TipoPGXF.csproj", "{83442A69-1919-4802-99C0-C18F627D5652}"
EndProject
Global
	GlobalSection(SolutionConfigurationPlatforms) = preSolution
		Debug|Any CPU = Debug|Any CPU
		Release|Any CPU = Release|Any CPU
	EndGlobalSection
	GlobalSection(ProjectConfigurationPlatforms) = postSolution
		{3A815C63-20B9-42B5-A239-296DBE8F7FC0}.Debug|Any CPU.ActiveCfg = Debug|Any CPU
		{3A815C63-20B9-42B5-A239-296DBE8F7FC0}.Debug|Any CPU.Build.0 = Debug|Any CPU
		{3A815C63-20B9-42B5-A239-296DBE8F7FC0}.Debug|Any CPU.Deploy.0 = Debug|Any CPU
		{3A815C63-20B9-42B5-A239-296DBE8F7FC0}.Release|Any CPU.ActiveCfg = Release|Any CPU
		{3A815C63-20B9-42B5-A239-296DBE8F7FC0}.Release|Any CPU.Build.0 = Release|Any CPU
		{3A815C63-20B9-42B5-A239-296DBE8F7FC0}.Release|Any CPU.Deploy.0 = Release|Any CPU
		{83442A69-1919-4802-99C0-C18F627D5652}.Debug|Any CPU.ActiveCfg = Debug|Any CPU
		{83442A69-1919-4802-99C0-C18F627D5652}.Debug|Any CPU.Build.0 = Debug|Any CPU
		{83442A69-1919-4802-99C0-C18F627D5652}.Debug|Any CPU.Deploy.0 = Debug|Any CPU
		{83442A69-1919-4802-99C0-C18F627D5652}.Release|Any CPU.ActiveCfg = Release|Any CPU
		{83442A69-1919-4802-99C0-C18F627D5652}.Release|Any CPU.Build.0 = Release|Any CPU
		{83442A69-1919-4802-99C0-C18F627D5652}.Release|Any CPU.Deploy.0 = Release|Any CPU
	EndGlobalSection
	GlobalSection(SolutionProperties) = preSolution
		HideSolutionNode = FALSE
	EndGlobalSection
	GlobalSection(ExtensibilityGlobals) = postSolution
		SolutionGuid = {AC8F32DD-128C-4DE5-A044-C625AC27647F}
	EndGlobalSection
EndGlobal
